{
  "name": "store-rating-system-backend",
  "version": "1.0.0",
  "lockfileVersion": 3,
  "requires": true,
  "packages": {
    "": {
      "name": "store-rating-system-backend",
      "version": "1.0.0"
    },
    "backend": {
      "name": "store-rating-system-backend",
      "version": "1.0.0",
      "extraneous": true,
      "dependencies": {
        "bcrypt": "^6.0.0",
        "cors": "^2.8.6",
        "dotenv": "^16.6.1",
        "express": "^4.22.2",
        "express-validator": "^7.3.2",
        "jsonwebtoken": "^9.0.3",
        "mysql2": "^3.23.0"
      },
      "devDependencies": {
        "nodemon": "^3.1.0"
      }
    },
    "frontend": {
      "name": "store-rating-system-frontend",
      "version": "1.0.0",
      "extraneous": true,
      "dependencies": {
        "react": "^18.3.1",
        "react-dom": "^18.3.1"
      },
      "devDependencies": {
        "@vitejs/plugin-react": "^4.3.1",
        "vite": "^5.4.10"
      }
    }
  }
}
